// !$*UTF8*$!
{
	archiveVersion = 1;
	classes = {
	};
	objectVersion = 46;
	objects = {

/* Begin PBXBuildFile section */
		274EDE9B1DE74A0A00AB1ABB /* pokemon.csv in Resources */ = {isa = PBXBuildFile; fileRef = 274EDE9A1DE74A0A00AB1ABB /* pokemon.csv */; };
		274EDEA31DE751AB00AB1ABB /* Pokemon.swift in Sources */ = {isa = PBXBuildFile; fileRef = 274EDEA21DE751AB00AB1ABB /* Pokemon.swift */; };
		274EDEA51DE756A900AB1ABB /* music.mp3 in Resources */ = {isa = PBXBuildFile; fileRef = 274EDEA41DE756A900AB1ABB /* music.mp3 */; };
		274EDEA71DE7570400AB1ABB /* Contents.json in Resources */ = {isa = PBXBuildFile; fileRef = 274EDEA61DE7570400AB1ABB /* Contents.json */; };
		274EDEAB1DE7634700AB1ABB /* PokeCell.swift in Sources */ = {isa = PBXBuildFile; fileRef = 274EDEAA1DE7634700AB1ABB /* PokeCell.swift */; };
		2763EF2A1DEA2248009514C2 /* PokemonDetailVC.swift in Sources */ = {isa = PBXBuildFile; fileRef = 2763EF291DEA2248009514C2 /* PokemonDetailVC.swift */; };
		2771C0381DEEE69F00D5803B /* Constants.swift in Sources */ = {isa = PBXBuildFile; fileRef = 2771C0371DEEE69F00D5803B /* Constants.swift */; };
		27A6B76E1DE71071007BED16 /* AppDelegate.swift in Sources */ = {isa = PBXBuildFile; fileRef = 27A6B76D1DE71071007BED16 /* AppDelegate.swift */; };
		27A6B7701DE71071007BED16 /* ViewController.swift in Sources */ = {isa = PBXBuildFile; fileRef = 27A6B76F1DE71071007BED16 /* ViewController.swift */; };
		27A6B7731DE71071007BED16 /* Main.storyboard in Resources */ = {isa = PBXBuildFile; fileRef = 27A6B7711DE71071007BED16 /* Main.storyboard */; };
		27A6B7751DE71071007BED16 /* Assets.xcassets in Resources */ = {isa = PBXBuildFile; fileRef = 27A6B7741DE71071007BED16 /* Assets.xcassets */; };
		27A6B7781DE71071007BED16 /* LaunchScreen.storyboard in Resources */ = {isa = PBXBuildFile; fileRef = 27A6B7761DE71071007BED16 /* LaunchScreen.storyboard */; };
		27B11D9E1DE8BBDB0058C1BA /* csv.swift in Sources */ = {isa = PBXBuildFile; fileRef = 27B11D9D1DE8BBDB0058C1BA /* csv.swift */; };
		27B11DA11DE8C9910058C1BA /* Pokemon Hollow.ttf in Resources */ = {isa = PBXBuildFile; fileRef = 27B11D9F1DE8C9910058C1BA /* Pokemon Hollow.ttf */; };
		27B11DA21DE8C9910058C1BA /* pokemon.ttf in Resources */ = {isa = PBXBuildFile; fileRef = 27B11DA01DE8C9910058C1BA /* pokemon.ttf */; };
		4D962F34144F08F4934A659B /* Pods_PokeGotcha.framework in Frameworks */ = {isa = PBXBuildFile; fileRef = 4F073797A7FAAE1E7D73135A /* Pods_PokeGotcha.framework */; };
/* End PBXBuildFile section */

/* Begin PBXFileReference section */
		274EDE9A1DE74A0A00AB1ABB /* pokemon.csv */ = {isa = PBXFileReference; fileEncoding = 4; lastKnownFileType = text; path = pokemon.csv; sourceTree = "<group>"; };
		274EDEA21DE751AB00AB1ABB /* Pokemon.swift */ = {isa = PBXFileReference; fileEncoding = 4; lastKnownFileType = sourcecode.swift; path = Pokemon.swift; sourceTree = "<group>"; };
		274EDEA41DE756A900AB1ABB /* music.mp3 */ = {isa = PBXFileReference; lastKnownFileType = audio.mp3; path = music.mp3; sourceTree = "<group>"; };
		274EDEA61DE7570400AB1ABB /* Contents.json */ = {isa = PBXFileReference; fileEncoding = 4; lastKnownFileType = text.json; path = Contents.json; sourceTree = "<group>"; };
		274EDEAA1DE7634700AB1ABB /* PokeCell.swift */ = {isa = PBXFileReference; fileEncoding = 4; lastKnownFileType = sourcecode.swift; path = PokeCell.swift; sourceTree = "<group>"; };
		2763EF291DEA2248009514C2 /* PokemonDetailVC.swift */ = {isa = PBXFileReference; fileEncoding = 4; lastKnownFileType = sourcecode.swift; path = PokemonDetailVC.swift; sourceTree = "<group>"; };
		2771C0371DEEE69F00D5803B /* Constants.swift */ = {isa = PBXFileReference; fileEncoding = 4; lastKnownFileType = sourcecode.swift; path = Constants.swift; sourceTree = "<group>"; };
		27A6B76A1DE71071007BED16 /* PokeGotcha.app */ = {isa = PBXFileReference; explicitFileType = wrapper.application; includeInIndex = 0; path = PokeGotcha.app; sourceTree = BUILT_PRODUCTS_DIR; };
		27A6B76D1DE71071007BED16 /* AppDelegate.swift */ = {isa = PBXFileReference; lastKnownFileType = sourcecode.swift; path = AppDelegate.swift; sourceTree = "<group>"; };
		27A6B76F1DE71071007BED16 /* ViewController.swift */ = {isa = PBXFileReference; lastKnownFileType = sourcecode.swift; path = ViewController.swift; sourceTree = "<group>"; };
		27A6B7721DE71071007BED16 /* Base */ = {isa = PBXFileReference; lastKnownFileType = file.storyboard; name = Base; path = Base.lproj/Main.storyboard; sourceTree = "<group>"; };
		27A6B7741DE71071007BED16 /* Assets.xcassets */ = {isa = PBXFileReference; lastKnownFileType = folder.assetcatalog; path = Assets.xcassets; sourceTree = "<group>"; };
		27A6B7771DE71071007BED16 /* Base */ = {isa = PBXFileReference; lastKnownFileType = file.storyboard; name = Base; path = Base.lproj/LaunchScreen.storyboard; sourceTree = "<group>"; };
		27A6B7791DE71071007BED16 /* Info.plist */ = {isa = PBXFileReference; lastKnownFileType = text.plist.xml; path = Info.plist; sourceTree = "<group>"; };
		27B11D9D1DE8BBDB0058C1BA /* csv.swift */ = {isa = PBXFileReference; fileEncoding = 4; lastKnownFileType = sourcecode.swift; path = csv.swift; sourceTree = "<group>"; };
		27B11D9F1DE8C9910058C1BA /* Pokemon Hollow.ttf */ = {isa = PBXFileReference; lastKnownFileType = file; path = "Pokemon Hollow.ttf"; sourceTree = "<group>"; };
		27B11DA01DE8C9910058C1BA /* pokemon.ttf */ = {isa = PBXFileReference; lastKnownFileType = file; path = pokemon.ttf; sourceTree = "<group>"; };
		4F073797A7FAAE1E7D73135A /* Pods_PokeGotcha.framework */ = {isa = PBXFileReference; explicitFileType = wrapper.framework; includeInIndex = 0; path = Pods_PokeGotcha.framework; sourceTree = BUILT_PRODUCTS_DIR; };
		87F02E2A93EEFF834223C4B3 /* Pods-PokeGotcha.debug.xcconfig */ = {isa = PBXFileReference; includeInIndex = 1; lastKnownFileType = text.xcconfig; name = "Pods-PokeGotcha.debug.xcconfig"; path = "Pods/Target Support Files/Pods-PokeGotcha/Pods-PokeGotcha.debug.xcconfig"; sourceTree = "<group>"; };
		CE76369EEA3435606AAD50DB /* Pods-PokeGotcha.release.xcconfig */ = {isa = PBXFileReference; includeInIndex = 1; lastKnownFileType = text.xcconfig; name = "Pods-PokeGotcha.release.xcconfig"; path = "Pods/Target Support Files/Pods-PokeGotcha/Pods-PokeGotcha.release.xcconfig"; sourceTree = "<group>"; };
/* End PBXFileReference section */

/* Begin PBXFrameworksBuildPhase section */
		27A6B7671DE71071007BED16 /* Frameworks */ = {
			isa = PBXFrameworksBuildPhase;
			buildActionMask = 2147483647;
			files = (
				4D962F34144F08F4934A659B /* Pods_PokeGotcha.framework in Frameworks */,
			);
			runOnlyForDeploymentPostprocessing = 0;
		};
/* End PBXFrameworksBuildPhase section */

/* Begin PBXGroup section */
		1B8452A73B3B36904DD43A4A /* Frameworks */ = {
			isa = PBXGroup;
			children = (
				4F073797A7FAAE1E7D73135A /* Pods_PokeGotcha.framework */,
			);
			name = Frameworks;
			sourceTree = "<group>";
		};
		274EDE9C1DE7501500AB1ABB /* Controller */ = {
			isa = PBXGroup;
			children = (
				27A6B76D1DE71071007BED16 /* AppDelegate.swift */,
				27A6B76F1DE71071007BED16 /* ViewController.swift */,
				2763EF291DEA2248009514C2 /* PokemonDetailVC.swift */,
			);
			name = Controller;
			sourceTree = "<group>";
		};
		274EDE9D1DE7502000AB1ABB /* View */ = {
			isa = PBXGroup;
			children = (
				274EDEAA1DE7634700AB1ABB /* PokeCell.swift */,
			);
			name = View;
			sourceTree = "<group>";
		};
		274EDE9E1DE7502900AB1ABB /* Model */ = {
			isa = PBXGroup;
			children = (
				274EDEA21DE751AB00AB1ABB /* Pokemon.swift */,
			);
			name = Model;
			sourceTree = "<group>";
		};
		274EDE9F1DE7503500AB1ABB /* Constants */ = {
			isa = PBXGroup;
			children = (
				2771C0371DEEE69F00D5803B /* Constants.swift */,
			);
			name = Constants;
			sourceTree = "<group>";
		};
		274EDEA01DE7503E00AB1ABB /* Resources */ = {
			isa = PBXGroup;
			children = (
				27B11D9F1DE8C9910058C1BA /* Pokemon Hollow.ttf */,
				27B11DA01DE8C9910058C1BA /* pokemon.ttf */,
				274EDE9A1DE74A0A00AB1ABB /* pokemon.csv */,
				274EDEA61DE7570400AB1ABB /* Contents.json */,
				274EDEA41DE756A900AB1ABB /* music.mp3 */,
			);
			name = Resources;
			sourceTree = "<group>";
		};
		274EDEA11DE7505C00AB1ABB /* Utils */ = {
			isa = PBXGroup;
			children = (
				27B11D9D1DE8BBDB0058C1BA /* csv.swift */,
			);
			name = Utils;
			sourceTree = "<group>";
		};
		27A6B7611DE71071007BED16 = {
			isa = PBXGroup;
			children = (
				27A6B76C1DE71071007BED16 /* PokeGotcha */,
				27A6B76B1DE71071007BED16 /* Products */,
				B406BF048CA00434FAC86C55 /* Pods */,
				1B8452A73B3B36904DD43A4A /* Frameworks */,
			);
			sourceTree = "<group>";
		};
		27A6B76B1DE71071007BED16 /* Products */ = {
			isa = PBXGroup;
			children = (
				27A6B76A1DE71071007BED16 /* PokeGotcha.app */,
			);
			name = Products;
			sourceTree = "<group>";
		};
		27A6B76C1DE71071007BED16 /* PokeGotcha */ = {
			isa = PBXGroup;
			children = (
				274EDE9E1DE7502900AB1ABB /* Model */,
				274EDE9D1DE7502000AB1ABB /* View */,
				274EDE9C1DE7501500AB1ABB /* Controller */,
				274EDEA11DE7505C00AB1ABB /* Utils */,
				274EDEA01DE7503E00AB1ABB /* Resources */,
				274EDE9F1DE7503500AB1ABB /* Constants */,
				27A6B7711DE71071007BED16 /* Main.storyboard */,
				27A6B7741DE71071007BED16 /* Assets.xcassets */,
				27A6B7761DE71071007BED16 /* LaunchScreen.storyboard */,
				27A6B7791DE71071007BED16 /* Info.plist */,
			);
			path = PokeGotcha;
			sourceTree = "<group>";
		};
		B406BF048CA00434FAC86C55 /* Pods */ = {
			isa = PBXGroup;
			children = (
				87F02E2A93EEFF834223C4B3 /* Pods-PokeGotcha.debug.xcconfig */,
				CE76369EEA3435606AAD50DB /* Pods-PokeGotcha.release.xcconfig */,
			);
			name = Pods;
			sourceTree = "<group>";
		};
/* End PBXGroup section */

/* Begin PBXNativeTarget section */
		27A6B7691DE71071007BED16 /* PokeGotcha */ = {
			isa = PBXNativeTarget;
			buildConfigurationList = 27A6B77C1DE71071007BED16 /* Build configuration list for PBXNativeTarget "PokeGotcha" */;
			buildPhases = (
				DEC352B340FB7C778A1B701E /* [CP] Check Pods Manifest.lock */,
				27A6B7661DE71071007BED16 /* Sources */,
				27A6B7671DE71071007BED16 /* Frameworks */,
				27A6B7681DE71071007BED16 /* Resources */,
				2BF1319BB1DEE494107147EF /* [CP] Embed Pods Frameworks */,
				945976555EE2ADBB703D27D4 /* [CP] Copy Pods Resources */,
			);
			buildRules = (
			);
			dependencies = (
			);
			name = PokeGotcha;
			productName = PokeGotcha;
			productReference = 27A6B76A1DE71071007BED16 /* PokeGotcha.app */;
			productType = "com.apple.product-type.application";
		};
/* End PBXNativeTarget section */

/* Begin PBXProject section */
		27A6B7621DE71071007BED16 /* Project object */ = {
			isa = PBXProject;
			attributes = {
				LastSwiftUpdateCheck = 0810;
				LastUpgradeCheck = 0810;
				ORGANIZATIONNAME = "Chappy-App";
				TargetAttributes = {
					27A6B7691DE71071007BED16 = {
						CreatedOnToolsVersion = 8.1;
						DevelopmentTeam = 4WU9L65MXB;
						LastSwiftMigration = 0810;
						ProvisioningStyle = Automatic;
					};
				};
			};
			buildConfigurationList = 27A6B7651DE71071007BED16 /* Build configuration list for PBXProject "PokeGotcha" */;
			compatibilityVersion = "Xcode 3.2";
			developmentRegion = English;
			hasScannedForEncodings = 0;
			knownRegions = (
				en,
				Base,
			);
			mainGroup = 27A6B7611DE71071007BED16;
			productRefGroup = 27A6B76B1DE71071007BED16 /* Products */;
			projectDirPath = "";
			projectRoot = "";
			targets = (
				27A6B7691DE71071007BED16 /* PokeGotcha */,
			);
		};
/* End PBXProject section */

/* Begin PBXResourcesBuildPhase section */
		27A6B7681DE71071007BED16 /* Resources */ = {
			isa = PBXResourcesBuildPhase;
			buildActionMask = 2147483647;
			files = (
				274EDEA51DE756A900AB1ABB /* music.mp3 in Resources */,
				27B11DA21DE8C9910058C1BA /* pokemon.ttf in Resources */,
				27A6B7781DE71071007BED16 /* LaunchScreen.storyboard in Resources */,
				27A6B7751DE71071007BED16 /* Assets.xcassets in Resources */,
				274EDE9B1DE74A0A00AB1ABB /* pokemon.csv in Resources */,
				27A6B7731DE71071007BED16 /* Main.storyboard in Resources */,
				274EDEA71DE7570400AB1ABB /* Contents.json in Resources */,
				27B11DA11DE8C9910058C1BA /* Pokemon Hollow.ttf in Resources */,
			);
			runOnlyForDeploymentPostprocessing = 0;
		};
/* End PBXResourcesBuildPhase section */

/* Begin PBXShellScriptBuildPhase section */
		2BF1319BB1DEE494107147EF /* [CP] Embed Pods Frameworks */ = {
			isa = PBXShellScriptBuildPhase;
			buildActionMask = 2147483647;
			files = (
			);
			inputPaths = (
			);
			name = "[CP] Embed Pods Frameworks";
			outputPaths = (
			);
			runOnlyForDeploymentPostprocessing = 0;
			shellPath = /bin/sh;
			shellScript = "\"${SRCROOT}/Pods/Target Support Files/Pods-PokeGotcha/Pods-PokeGotcha-frameworks.sh\"\n";
			showEnvVarsInLog = 0;
		};
		945976555EE2ADBB703D27D4 /* [CP] Copy Pods Resources */ = {
			isa = PBXShellScriptBuildPhase;
			buildActionMask = 2147483647;
			files = (
			);
			inputPaths = (
			);
			name = "[CP] Copy Pods Resources";
			outputPaths = (
			);
			runOnlyForDeploymentPostprocessing = 0;
			shellPath = /bin/sh;
			shellScript = "\"${SRCROOT}/Pods/Target Support Files/Pods-PokeGotcha/Pods-PokeGotcha-resources.sh\"\n";
			showEnvVarsInLog = 0;
		};
		DEC352B340FB7C778A1B701E /* [CP] Check Pods Manifest.lock */ = {
			isa = PBXShellScriptBuildPhase;
			buildActionMask = 2147483647;
			files = (
			);
			inputPaths = (
			);
			name = "[CP] Check Pods Manifest.lock";
			outputPaths = (
			);
			runOnlyForDeploymentPostprocessing = 0;
			shellPath = /bin/sh;
			shellScript = "diff \"${PODS_ROOT}/../Podfile.lock\" \"${PODS_ROOT}/Manifest.lock\" > /dev/null\nif [ $? != 0 ] ; then\n    # print error to STDERR\n    echo \"error: The sandbox is not in sync with the Podfile.lock. Run 'pod install' or update your CocoaPods installation.\" >&2\n    exit 1\nfi\n";
			showEnvVarsInLog = 0;
		};
/* End PBXShellScriptBuildPhase section */

/* Begin PBXSourcesBuildPhase section */
		27A6B7661DE71071007BED16 /* Sources */ = {
			isa = PBXSourcesBuildPhase;
			buildActionMask = 2147483647;
			files = (
				274EDEAB1DE7634700AB1ABB /* PokeCell.swift in Sources */,
				27A6B7701DE71071007BED16 /* ViewController.swift in Sources */,
				27A6B76E1DE71071007BED16 /* AppDelegate.swift in Sources */,
				2763EF2A1DEA2248009514C2 /* PokemonDetailVC.swift in Sources */,
				2771C0381DEEE69F00D5803B /* Constants.swift in Sources */,
				274EDEA31DE751AB00AB1ABB /* Pokemon.swift in Sources */,
				27B11D9E1DE8BBDB0058C1BA /* csv.swift in Sources */,
			);
			runOnlyForDeploymentPostprocessing = 0;
		};
/* End PBXSourcesBuildPhase section */

/* Begin PBXVariantGroup section */
		27A6B7711DE71071007BED16 /* Main.storyboard */ = {
			isa = PBXVariantGroup;
			children = (
				27A6B7721DE71071007BED16 /* Base */,
			);
			name = Main.storyboard;
			sourceTree = "<group>";
		};
		27A6B7761DE71071007BED16 /* LaunchScreen.storyboard */ = {
			isa = PBXVariantGroup;
			children = (
				27A6B7771DE71071007BED16 /* Base */,
			);
			name = LaunchScreen.storyboard;
			sourceTree = "<group>";
		};
/* End PBXVariantGroup section */

/* Begin XCBuildConfiguration section */
		27A6B77A1DE71071007BED16 /* Debug */ = {
			isa = XCBuildConfiguration;
			buildSettings = {
				ALWAYS_SEARCH_USER_PATHS = NO;
				CLANG_ANALYZER_NONNULL = YES;
				CLANG_CXX_LANGUAGE_STANDARD = "gnu++0x";
				CLANG_CXX_LIBRARY = "libc++";
				CLANG_ENABLE_MODULES = YES;
				CLANG_ENABLE_OBJC_ARC = YES;
				CLANG_WARN_BOOL_CONVERSION = YES;
				CLANG_WARN_CONSTANT_CONVERSION = YES;
				CLANG_WARN_DIRECT_OBJC_ISA_USAGE = YES_ERROR;
				CLANG_WARN_DOCUMENTATION_COMMENTS = YES;
				CLANG_WARN_EMPTY_BODY = YES;
				CLANG_WARN_ENUM_CONVERSION = YES;
				CLANG_WARN_INFINITE_RECURSION = YES;
				CLANG_WARN_INT_CONVERSION = YES;
				CLANG_WARN_OBJC_ROOT_CLASS = YES_ERROR;
				CLANG_WARN_SUSPICIOUS_MOVE = YES;
				CLANG_WARN_SUSPICIOUS_MOVES = YES;
				CLANG_WARN_UNREACHABLE_CODE = YES;
				CLANG_WARN__DUPLICATE_METHOD_MATCH = YES;
				"CODE_SIGN_IDENTITY[sdk=iphoneos*]" = "iPhone Developer";
				COPY_PHASE_STRIP = NO;
				DEBUG_INFORMATION_FORMAT = dwarf;
				ENABLE_STRICT_OBJC_MSGSEND = YES;
				ENABLE_TESTABILITY = YES;
				GCC_C_LANGUAGE_STANDARD = gnu99;
				GCC_DYNAMIC_NO_PIC = NO;
				GCC_NO_COMMON_BLOCKS = YES;
				GCC_OPTIMIZATION_LEVEL = 0;
				GCC_PREPROCESSOR_DEFINITIONS = (
					"DEBUG=1",
					"$(inherited)",
				);
				GCC_WARN_64_TO_32_BIT_CONVERSION = YES;
				GCC_WARN_ABOUT_RETURN_TYPE = YES_ERROR;
				GCC_WARN_UNDECLARED_SELECTOR = YES;
				GCC_WARN_UNINITIALIZED_AUTOS = YES_AGGRESSIVE;
				GCC_WARN_UNUSED_FUNCTION = YES;
				GCC_WARN_UNUSED_VARIABLE = YES;
				IPHONEOS_DEPLOYMENT_TARGET = 9.0;
				MTL_ENABLE_DEBUG_INFO = YES;
				ONLY_ACTIVE_ARCH = YES;
				SDKROOT = iphoneos;
				SWIFT_ACTIVE_COMPILATION_CONDITIONS = DEBUG;
				SWIFT_OPTIMIZATION_LEVEL = "-Onone";
				TARGETED_DEVICE_FAMILY = "1,2";
			};
			name = Debug;
		};
		27A6B77B1DE71071007BED16 /* Release */ = {
			isa = XCBuildConfiguration;
			buildSettings = {
				ALWAYS_SEARCH_USER_PATHS = NO;
				CLANG_ANALYZER_NONNULL = YES;
				CLANG_CXX_LANGUAGE_STANDARD = "gnu++0x";
				CLANG_CXX_LIBRARY = "libc++";
				CLANG_ENABLE_MODULES = YES;
				CLANG_ENABLE_OBJC_ARC = YES;
				CLANG_WARN_BOOL_CONVERSION = YES;
				CLANG_WARN_CONSTANT_CONVERSION = YES;
				CLANG_WARN_DIRECT_OBJC_ISA_USAGE = YES_ERROR;
				CLANG_WARN_DOCUMENTATION_COMMENTS = YES;
				CLANG_WARN_EMPTY_BODY = YES;
				CLANG_WARN_ENUM_CONVERSION = YES;
				CLANG_WARN_INFINITE_RECURSION = YES;
				CLANG_WARN_INT_CONVERSION = YES;
				CLANG_WARN_OBJC_ROOT_CLASS = YES_ERROR;
				CLANG_WARN_SUSPICIOUS_MOVE = YES;
				CLANG_WARN_SUSPICIOUS_MOVES = YES;
				CLANG_WARN_UNREACHABLE_CODE = YES;
				CLANG_WARN__DUPLICATE_METHOD_MATCH = YES;
				"CODE_SIGN_IDENTITY[sdk=iphoneos*]" = "iPhone Developer";
				COPY_PHASE_STRIP = NO;
				DEBUG_INFORMATION_FORMAT = "dwarf-with-dsym";
				ENABLE_NS_ASSERTIONS = NO;
				ENABLE_STRICT_OBJC_MSGSEND = YES;
				GCC_C_LANGUAGE_STANDARD = gnu99;
				GCC_NO_COMMON_BLOCKS = YES;
				GCC_WARN_64_TO_32_BIT_CONVERSION = YES;
				GCC_WARN_ABOUT_RETURN_TYPE = YES_ERROR;
				GCC_WARN_UNDECLARED_SELECTOR = YES;
				GCC_WARN_UNINITIALIZED_AUTOS = YES_AGGRESSIVE;
				GCC_WARN_UNUSED_FUNCTION = YES;
				GCC_WARN_UNUSED_VARIABLE = YES;
				IPHONEOS_DEPLOYMENT_TARGET = 9.0;
				MTL_ENABLE_DEBUG_INFO = NO;
				SDKROOT = iphoneos;
				SWIFT_OPTIMIZATION_LEVEL = "-Owholemodule";
				TARGETED_DEVICE_FAMILY = "1,2";
				VALIDATE_PRODUCT = YES;
			};
			name = Release;
		};
		27A6B77D1DE71071007BED16 /* Debug */ = {
			isa = XCBuildConfiguration;
			baseConfigurationReference = 87F02E2A93EEFF834223C4B3 /* Pods-PokeGotcha.debug.xcconfig */;
			buildSettings = {
				ASSETCATALOG_COMPILER_APPICON_NAME = AppIcon;
				DEVELOPMENT_TEAM = 4WU9L65MXB;
				INFOPLIST_FILE = PokeGotcha/Info.plist;
				LD_RUNPATH_SEARCH_PATHS = "$(inherited) @executable_path/Frameworks";
				PRODUCT_BUNDLE_IDENTIFIER = "com.Chappy-App.PokeGotcha";
				PRODUCT_NAME = "$(TARGET_NAME)";
				SWIFT_VERSION = 3.0;
			};
			name = Debug;
		};
		27A6B77E1DE71071007BED16 /* Release */ = {
			isa = XCBuildConfiguration;
			baseConfigurationReference = CE76369EEA3435606AAD50DB /* Pods-PokeGotcha.release.xcconfig */;
			buildSettings = {
				ASSETCATALOG_COMPILER_APPICON_NAME = AppIcon;
				DEVELOPMENT_TEAM = 4WU9L65MXB;
				INFOPLIST_FILE = PokeGotcha/Info.plist;
				LD_RUNPATH_SEARCH_PATHS = "$(inherited) @executable_path/Frameworks";
				PRODUCT_BUNDLE_IDENTIFIER = "com.Chappy-App.PokeGotcha";
				PRODUCT_NAME = "$(TARGET_NAME)";
				SWIFT_VERSION = 3.0;
			};
			name = Release;
		};
/* End XCBuildConfiguration section */

/* Begin XCConfigurationList section */
		27A6B7651DE71071007BED16 /* Build configuration list for PBXProject "PokeGotcha" */ = {
			isa = XCConfigurationList;
			buildConfigurations = (
				27A6B77A1DE71071007BED16 /* Debug */,
				27A6B77B1DE71071007BED16 /* Release */,
			);
			defaultConfigurationIsVisible = 0;
			defaultConfigurationName = Release;
		};
		27A6B77C1DE71071007BED16 /* Build configuration list for PBXNativeTarget "PokeGotcha" */ = {
			isa = XCConfigurationList;
			buildConfigurations = (
				27A6B77D1DE71071007BED16 /* Debug */,
				27A6B77E1DE71071007BED16 /* Release */,
			);
			defaultConfigurationIsVisible = 0;
			defaultConfigurationName = Release;
		};
/* End XCConfigurationList section */
	};
	rootObject = 27A6B7621DE71071007BED16 /* Project object */;
}
